
Microsoft Visual Studio Solution File, Format Version 12.00
# Visual Studio Version 17
VisualStudioVersion = 17.10.35122.118
MinimumVisualStudioVersion = 10.0.40219.1
Project("{FAE04EC0-301F-11D3-BF4B-00C04F79EFBC}") = "Lab3-Sotf4", "Lab3-Sotf4.csproj", "{114E71D6-4F99-4B65-A321-065C30CFEBF0}"
EndProject
Global
	GlobalSection(SolutionConfigurationPlatforms) = preSolution
		Debug|Any CPU = Debug|Any CPU
		Release|Any CPU = Release|Any CPU
	EndGlobalSection
	GlobalSection(ProjectConfigurationPlatforms) = postSolution
		{114E71D6-4F99-4B65-A321-065C30CFEBF0}.Debug|Any CPU.ActiveCfg = Debug|Any CPU
		{114E71D6-4F99-4B65-A321-065C30CFEBF0}.Debug|Any CPU.Build.0 = Debug|Any CPU
		{114E71D6-4F99-4B65-A321-065C30CFEBF0}.Release|Any CPU.ActiveCfg = Release|Any CPU
		{114E71D6-4F99-4B65-A321-065C30CFEBF0}.Release|Any CPU.Build.0 = Release|Any CPU
	EndGlobalSection
	GlobalSection(SolutionProperties) = preSolution
		HideSolutionNode = FALSE
	EndGlobalSection
	GlobalSection(ExtensibilityGlobals) = postSolution
		SolutionGuid = {D20A4C46-EE93-4A2E-8B6D-59D6CCCC6D65}
	EndGlobalSection
EndGlobal
